
Microsoft Visual Studio Solution File, Format Version 12.00
# Visual Studio Version 17
VisualStudioVersion = 17.3.32901.215
MinimumVisualStudioVersion = 10.0.40219.1
Project("{FAE04EC0-301F-11D3-BF4B-00C04F79EFBC}") = "mock_tes_for_speed", "mock_tes_for_speed.csproj", "{8B27F209-7776-402C-BAC0-D1A085B938DE}"
EndProject
Global
	GlobalSection(SolutionConfigurationPlatforms) = preSolution
		Debug|Any CPU = Debug|Any CPU
		Release|Any CPU = Release|Any CPU
	EndGlobalSection
	GlobalSection(ProjectConfigurationPlatforms) = postSolution
		{8B27F209-7776-402C-BAC0-D1A085B938DE}.Debug|Any CPU.ActiveCfg = Debug|Any CPU
		{8B27F209-7776-402C-BAC0-D1A085B938DE}.Debug|Any CPU.Build.0 = Debug|Any CPU
		{8B27F209-7776-402C-BAC0-D1A085B938DE}.Release|Any CPU.ActiveCfg = Release|Any CPU
		{8B27F209-7776-402C-BAC0-D1A085B938DE}.Release|Any CPU.Build.0 = Release|Any CPU
	EndGlobalSection
	GlobalSection(SolutionProperties) = preSolution
		HideSolutionNode = FALSE
	EndGlobalSection
	GlobalSection(ExtensibilityGlobals) = postSolution
		SolutionGuid = {7439B431-6C77-4211-B132-5098318055A0}
	EndGlobalSection
EndGlobal
