
Microsoft Visual Studio Solution File, Format Version 12.00
# Visual Studio Version 17
VisualStudioVersion = 17.3.32901.215
MinimumVisualStudioVersion = 10.0.40219.1
Project("{FAE04EC0-301F-11D3-BF4B-00C04F79EFBC}") = "seminar5_homework", "seminar5_homework.csproj", "{8DFA8D4E-05AC-4DDD-8DB2-403C41E5C391}"
EndProject
Global
	GlobalSection(SolutionConfigurationPlatforms) = preSolution
		Debug|Any CPU = Debug|Any CPU
		Release|Any CPU = Release|Any CPU
	EndGlobalSection
	GlobalSection(ProjectConfigurationPlatforms) = postSolution
		{8DFA8D4E-05AC-4DDD-8DB2-403C41E5C391}.Debug|Any CPU.ActiveCfg = Debug|Any CPU
		{8DFA8D4E-05AC-4DDD-8DB2-403C41E5C391}.Debug|Any CPU.Build.0 = Debug|Any CPU
		{8DFA8D4E-05AC-4DDD-8DB2-403C41E5C391}.Release|Any CPU.ActiveCfg = Release|Any CPU
		{8DFA8D4E-05AC-4DDD-8DB2-403C41E5C391}.Release|Any CPU.Build.0 = Release|Any CPU
	EndGlobalSection
	GlobalSection(SolutionProperties) = preSolution
		HideSolutionNode = FALSE
	EndGlobalSection
	GlobalSection(ExtensibilityGlobals) = postSolution
		SolutionGuid = {D01C7F77-7EFA-45AE-959F-42DC5FE09E7A}
	EndGlobalSection
EndGlobal
