
Microsoft Visual Studio Solution File, Format Version 12.00
# Visual Studio Version 17
VisualStudioVersion = 17.3.32901.215
MinimumVisualStudioVersion = 10.0.40219.1
Project("{FAE04EC0-301F-11D3-BF4B-00C04F79EFBC}") = "piggy_bank", "piggy_bank.csproj", "{D787C0FC-CCBF-496A-A598-4513336B5752}"
EndProject
Global
	GlobalSection(SolutionConfigurationPlatforms) = preSolution
		Debug|Any CPU = Debug|Any CPU
		Release|Any CPU = Release|Any CPU
	EndGlobalSection
	GlobalSection(ProjectConfigurationPlatforms) = postSolution
		{D787C0FC-CCBF-496A-A598-4513336B5752}.Debug|Any CPU.ActiveCfg = Debug|Any CPU
		{D787C0FC-CCBF-496A-A598-4513336B5752}.Debug|Any CPU.Build.0 = Debug|Any CPU
		{D787C0FC-CCBF-496A-A598-4513336B5752}.Release|Any CPU.ActiveCfg = Release|Any CPU
		{D787C0FC-CCBF-496A-A598-4513336B5752}.Release|Any CPU.Build.0 = Release|Any CPU
	EndGlobalSection
	GlobalSection(SolutionProperties) = preSolution
		HideSolutionNode = FALSE
	EndGlobalSection
	GlobalSection(ExtensibilityGlobals) = postSolution
		SolutionGuid = {D9A78AA8-313B-490B-9D6A-2743714CCA79}
	EndGlobalSection
EndGlobal
