
Microsoft Visual Studio Solution File, Format Version 12.00
# Visual Studio Version 17
VisualStudioVersion = 17.3.32901.215
MinimumVisualStudioVersion = 10.0.40219.1
Project("{FAE04EC0-301F-11D3-BF4B-00C04F79EFBC}") = "practice_classes", "practice_classes.csproj", "{9A0FF2C6-99B3-4639-A6D4-709DB20D77F1}"
EndProject
Global
	GlobalSection(SolutionConfigurationPlatforms) = preSolution
		Debug|Any CPU = Debug|Any CPU
		Release|Any CPU = Release|Any CPU
	EndGlobalSection
	GlobalSection(ProjectConfigurationPlatforms) = postSolution
		{9A0FF2C6-99B3-4639-A6D4-709DB20D77F1}.Debug|Any CPU.ActiveCfg = Debug|Any CPU
		{9A0FF2C6-99B3-4639-A6D4-709DB20D77F1}.Debug|Any CPU.Build.0 = Debug|Any CPU
		{9A0FF2C6-99B3-4639-A6D4-709DB20D77F1}.Release|Any CPU.ActiveCfg = Release|Any CPU
		{9A0FF2C6-99B3-4639-A6D4-709DB20D77F1}.Release|Any CPU.Build.0 = Release|Any CPU
	EndGlobalSection
	GlobalSection(SolutionProperties) = preSolution
		HideSolutionNode = FALSE
	EndGlobalSection
	GlobalSection(ExtensibilityGlobals) = postSolution
		SolutionGuid = {A311A543-B843-4144-B78C-A7F7771A12E5}
	EndGlobalSection
EndGlobal
