
Microsoft Visual Studio Solution File, Format Version 12.00
# Visual Studio Version 17
VisualStudioVersion = 17.3.32901.215
MinimumVisualStudioVersion = 10.0.40219.1
Project("{FAE04EC0-301F-11D3-BF4B-00C04F79EFBC}") = "seminar2", "seminar2.csproj", "{4A1EA91F-B702-4934-BF52-BD4BFBC90B72}"
EndProject
Global
	GlobalSection(SolutionConfigurationPlatforms) = preSolution
		Debug|Any CPU = Debug|Any CPU
		Release|Any CPU = Release|Any CPU
	EndGlobalSection
	GlobalSection(ProjectConfigurationPlatforms) = postSolution
		{4A1EA91F-B702-4934-BF52-BD4BFBC90B72}.Debug|Any CPU.ActiveCfg = Debug|Any CPU
		{4A1EA91F-B702-4934-BF52-BD4BFBC90B72}.Debug|Any CPU.Build.0 = Debug|Any CPU
		{4A1EA91F-B702-4934-BF52-BD4BFBC90B72}.Release|Any CPU.ActiveCfg = Release|Any CPU
		{4A1EA91F-B702-4934-BF52-BD4BFBC90B72}.Release|Any CPU.Build.0 = Release|Any CPU
	EndGlobalSection
	GlobalSection(SolutionProperties) = preSolution
		HideSolutionNode = FALSE
	EndGlobalSection
	GlobalSection(ExtensibilityGlobals) = postSolution
		SolutionGuid = {7E77D9D0-3DC0-459F-8B63-8FE2EBA753EA}
	EndGlobalSection
EndGlobal
