
Microsoft Visual Studio Solution File, Format Version 12.00
# Visual Studio Version 17
VisualStudioVersion = 17.3.32901.215
MinimumVisualStudioVersion = 10.0.40219.1
Project("{FAE04EC0-301F-11D3-BF4B-00C04F79EFBC}") = "ChangeCase", "ChangeCase.csproj", "{FDA1E259-EE21-4940-9C3E-63B71EF976F1}"
EndProject
Global
	GlobalSection(SolutionConfigurationPlatforms) = preSolution
		Debug|Any CPU = Debug|Any CPU
		Release|Any CPU = Release|Any CPU
	EndGlobalSection
	GlobalSection(ProjectConfigurationPlatforms) = postSolution
		{FDA1E259-EE21-4940-9C3E-63B71EF976F1}.Debug|Any CPU.ActiveCfg = Debug|Any CPU
		{FDA1E259-EE21-4940-9C3E-63B71EF976F1}.Debug|Any CPU.Build.0 = Debug|Any CPU
		{FDA1E259-EE21-4940-9C3E-63B71EF976F1}.Release|Any CPU.ActiveCfg = Release|Any CPU
		{FDA1E259-EE21-4940-9C3E-63B71EF976F1}.Release|Any CPU.Build.0 = Release|Any CPU
	EndGlobalSection
	GlobalSection(SolutionProperties) = preSolution
		HideSolutionNode = FALSE
	EndGlobalSection
	GlobalSection(ExtensibilityGlobals) = postSolution
		SolutionGuid = {96BC72A1-0D42-4319-A82B-5720A2F3EC3E}
	EndGlobalSection
EndGlobal
