
Microsoft Visual Studio Solution File, Format Version 12.00
# Visual Studio Version 17
VisualStudioVersion = 17.3.32901.215
MinimumVisualStudioVersion = 10.0.40219.1
Project("{FAE04EC0-301F-11D3-BF4B-00C04F79EFBC}") = "showdigits", "showdigits.csproj", "{3A2E3EFD-0F08-4168-AD9C-D227B3BB2632}"
EndProject
Global
	GlobalSection(SolutionConfigurationPlatforms) = preSolution
		Debug|Any CPU = Debug|Any CPU
		Release|Any CPU = Release|Any CPU
	EndGlobalSection
	GlobalSection(ProjectConfigurationPlatforms) = postSolution
		{3A2E3EFD-0F08-4168-AD9C-D227B3BB2632}.Debug|Any CPU.ActiveCfg = Debug|Any CPU
		{3A2E3EFD-0F08-4168-AD9C-D227B3BB2632}.Debug|Any CPU.Build.0 = Debug|Any CPU
		{3A2E3EFD-0F08-4168-AD9C-D227B3BB2632}.Release|Any CPU.ActiveCfg = Release|Any CPU
		{3A2E3EFD-0F08-4168-AD9C-D227B3BB2632}.Release|Any CPU.Build.0 = Release|Any CPU
	EndGlobalSection
	GlobalSection(SolutionProperties) = preSolution
		HideSolutionNode = FALSE
	EndGlobalSection
	GlobalSection(ExtensibilityGlobals) = postSolution
		SolutionGuid = {FC891E26-C56F-4ADC-AF2D-4EB3209F7F0B}
	EndGlobalSection
EndGlobal
