
Microsoft Visual Studio Solution File, Format Version 12.00
# Visual Studio Version 17
VisualStudioVersion = 17.3.32901.215
MinimumVisualStudioVersion = 10.0.40219.1
Project("{FAE04EC0-301F-11D3-BF4B-00C04F79EFBC}") = "LeapYear", "LeapYear.csproj", "{588EF10E-0691-4B5A-BEA3-B8B0B1894FCD}"
EndProject
Global
	GlobalSection(SolutionConfigurationPlatforms) = preSolution
		Debug|Any CPU = Debug|Any CPU
		Release|Any CPU = Release|Any CPU
	EndGlobalSection
	GlobalSection(ProjectConfigurationPlatforms) = postSolution
		{588EF10E-0691-4B5A-BEA3-B8B0B1894FCD}.Debug|Any CPU.ActiveCfg = Debug|Any CPU
		{588EF10E-0691-4B5A-BEA3-B8B0B1894FCD}.Debug|Any CPU.Build.0 = Debug|Any CPU
		{588EF10E-0691-4B5A-BEA3-B8B0B1894FCD}.Release|Any CPU.ActiveCfg = Release|Any CPU
		{588EF10E-0691-4B5A-BEA3-B8B0B1894FCD}.Release|Any CPU.Build.0 = Release|Any CPU
	EndGlobalSection
	GlobalSection(SolutionProperties) = preSolution
		HideSolutionNode = FALSE
	EndGlobalSection
	GlobalSection(ExtensibilityGlobals) = postSolution
		SolutionGuid = {9C3F95E1-FFE9-43DE-BB6B-256C5D61C20F}
	EndGlobalSection
EndGlobal
