
Microsoft Visual Studio Solution File, Format Version 12.00
# Visual Studio Version 17
VisualStudioVersion = 17.3.32901.215
MinimumVisualStudioVersion = 10.0.40219.1
Project("{FAE04EC0-301F-11D3-BF4B-00C04F79EFBC}") = "homework_14", "homework_14.csproj", "{110DC2EA-E874-44F6-BB04-294CB856F31F}"
EndProject
Global
	GlobalSection(SolutionConfigurationPlatforms) = preSolution
		Debug|Any CPU = Debug|Any CPU
		Release|Any CPU = Release|Any CPU
	EndGlobalSection
	GlobalSection(ProjectConfigurationPlatforms) = postSolution
		{110DC2EA-E874-44F6-BB04-294CB856F31F}.Debug|Any CPU.ActiveCfg = Debug|Any CPU
		{110DC2EA-E874-44F6-BB04-294CB856F31F}.Debug|Any CPU.Build.0 = Debug|Any CPU
		{110DC2EA-E874-44F6-BB04-294CB856F31F}.Release|Any CPU.ActiveCfg = Release|Any CPU
		{110DC2EA-E874-44F6-BB04-294CB856F31F}.Release|Any CPU.Build.0 = Release|Any CPU
	EndGlobalSection
	GlobalSection(SolutionProperties) = preSolution
		HideSolutionNode = FALSE
	EndGlobalSection
	GlobalSection(ExtensibilityGlobals) = postSolution
		SolutionGuid = {08A9CA47-46B1-42C0-B606-5619C37E2B87}
	EndGlobalSection
EndGlobal
