
Microsoft Visual Studio Solution File, Format Version 12.00
# Visual Studio Version 17
VisualStudioVersion = 17.3.32901.215
MinimumVisualStudioVersion = 10.0.40219.1
Project("{FAE04EC0-301F-11D3-BF4B-00C04F79EFBC}") = "homework_calculator", "homework_calculator.csproj", "{86C3F13F-588F-4049-95EF-A9E167582DA7}"
EndProject
Global
	GlobalSection(SolutionConfigurationPlatforms) = preSolution
		Debug|Any CPU = Debug|Any CPU
		Release|Any CPU = Release|Any CPU
	EndGlobalSection
	GlobalSection(ProjectConfigurationPlatforms) = postSolution
		{86C3F13F-588F-4049-95EF-A9E167582DA7}.Debug|Any CPU.ActiveCfg = Debug|Any CPU
		{86C3F13F-588F-4049-95EF-A9E167582DA7}.Debug|Any CPU.Build.0 = Debug|Any CPU
		{86C3F13F-588F-4049-95EF-A9E167582DA7}.Release|Any CPU.ActiveCfg = Release|Any CPU
		{86C3F13F-588F-4049-95EF-A9E167582DA7}.Release|Any CPU.Build.0 = Release|Any CPU
	EndGlobalSection
	GlobalSection(SolutionProperties) = preSolution
		HideSolutionNode = FALSE
	EndGlobalSection
	GlobalSection(ExtensibilityGlobals) = postSolution
		SolutionGuid = {D42BD9C4-6822-49F6-9B68-A5461696C8FF}
	EndGlobalSection
EndGlobal
