
Microsoft Visual Studio Solution File, Format Version 12.00
# Visual Studio Version 17
VisualStudioVersion = 17.3.32901.215
MinimumVisualStudioVersion = 10.0.40219.1
Project("{FAE04EC0-301F-11D3-BF4B-00C04F79EFBC}") = "Cats", "Cats.csproj", "{5A26B786-0AE3-44E5-95B1-D05459D5C329}"
EndProject
Global
	GlobalSection(SolutionConfigurationPlatforms) = preSolution
		Debug|Any CPU = Debug|Any CPU
		Release|Any CPU = Release|Any CPU
	EndGlobalSection
	GlobalSection(ProjectConfigurationPlatforms) = postSolution
		{5A26B786-0AE3-44E5-95B1-D05459D5C329}.Debug|Any CPU.ActiveCfg = Debug|Any CPU
		{5A26B786-0AE3-44E5-95B1-D05459D5C329}.Debug|Any CPU.Build.0 = Debug|Any CPU
		{5A26B786-0AE3-44E5-95B1-D05459D5C329}.Release|Any CPU.ActiveCfg = Release|Any CPU
		{5A26B786-0AE3-44E5-95B1-D05459D5C329}.Release|Any CPU.Build.0 = Release|Any CPU
	EndGlobalSection
	GlobalSection(SolutionProperties) = preSolution
		HideSolutionNode = FALSE
	EndGlobalSection
	GlobalSection(ExtensibilityGlobals) = postSolution
		SolutionGuid = {4495BA3B-5708-4769-851C-D5DA42C4B958}
	EndGlobalSection
EndGlobal
