
Microsoft Visual Studio Solution File, Format Version 12.00
# Visual Studio Version 17
VisualStudioVersion = 17.3.32901.215
MinimumVisualStudioVersion = 10.0.40219.1
Project("{FAE04EC0-301F-11D3-BF4B-00C04F79EFBC}") = "mock_test", "mock_test.csproj", "{A3DF857E-9157-4DFF-A6EC-D589DDCA7D00}"
EndProject
Global
	GlobalSection(SolutionConfigurationPlatforms) = preSolution
		Debug|Any CPU = Debug|Any CPU
		Release|Any CPU = Release|Any CPU
	EndGlobalSection
	GlobalSection(ProjectConfigurationPlatforms) = postSolution
		{A3DF857E-9157-4DFF-A6EC-D589DDCA7D00}.Debug|Any CPU.ActiveCfg = Debug|Any CPU
		{A3DF857E-9157-4DFF-A6EC-D589DDCA7D00}.Debug|Any CPU.Build.0 = Debug|Any CPU
		{A3DF857E-9157-4DFF-A6EC-D589DDCA7D00}.Release|Any CPU.ActiveCfg = Release|Any CPU
		{A3DF857E-9157-4DFF-A6EC-D589DDCA7D00}.Release|Any CPU.Build.0 = Release|Any CPU
	EndGlobalSection
	GlobalSection(SolutionProperties) = preSolution
		HideSolutionNode = FALSE
	EndGlobalSection
	GlobalSection(ExtensibilityGlobals) = postSolution
		SolutionGuid = {203FC33D-0DF7-4901-BEA4-12B0C3176ABD}
	EndGlobalSection
EndGlobal
