
Microsoft Visual Studio Solution File, Format Version 12.00
# Visual Studio Version 17
VisualStudioVersion = 17.3.32901.215
MinimumVisualStudioVersion = 10.0.40219.1
Project("{FAE04EC0-301F-11D3-BF4B-00C04F79EFBC}") = "seminar1", "seminar1.csproj", "{CBE8FE6C-9CFD-4C5F-94A9-3B6267DEBA58}"
EndProject
Global
	GlobalSection(SolutionConfigurationPlatforms) = preSolution
		Debug|Any CPU = Debug|Any CPU
		Release|Any CPU = Release|Any CPU
	EndGlobalSection
	GlobalSection(ProjectConfigurationPlatforms) = postSolution
		{CBE8FE6C-9CFD-4C5F-94A9-3B6267DEBA58}.Debug|Any CPU.ActiveCfg = Debug|Any CPU
		{CBE8FE6C-9CFD-4C5F-94A9-3B6267DEBA58}.Debug|Any CPU.Build.0 = Debug|Any CPU
		{CBE8FE6C-9CFD-4C5F-94A9-3B6267DEBA58}.Release|Any CPU.ActiveCfg = Release|Any CPU
		{CBE8FE6C-9CFD-4C5F-94A9-3B6267DEBA58}.Release|Any CPU.Build.0 = Release|Any CPU
	EndGlobalSection
	GlobalSection(SolutionProperties) = preSolution
		HideSolutionNode = FALSE
	EndGlobalSection
	GlobalSection(ExtensibilityGlobals) = postSolution
		SolutionGuid = {B24D855D-85F2-44D5-8B85-25504C8895C3}
	EndGlobalSection
EndGlobal
