
Microsoft Visual Studio Solution File, Format Version 12.00
# Visual Studio Version 17
VisualStudioVersion = 17.3.32901.215
MinimumVisualStudioVersion = 10.0.40219.1
Project("{FAE04EC0-301F-11D3-BF4B-00C04F79EFBC}") = "primFilter", "primFilter.csproj", "{C84BB294-1F7D-409B-AFF6-21960523ABEC}"
EndProject
Global
	GlobalSection(SolutionConfigurationPlatforms) = preSolution
		Debug|Any CPU = Debug|Any CPU
		Release|Any CPU = Release|Any CPU
	EndGlobalSection
	GlobalSection(ProjectConfigurationPlatforms) = postSolution
		{C84BB294-1F7D-409B-AFF6-21960523ABEC}.Debug|Any CPU.ActiveCfg = Debug|Any CPU
		{C84BB294-1F7D-409B-AFF6-21960523ABEC}.Debug|Any CPU.Build.0 = Debug|Any CPU
		{C84BB294-1F7D-409B-AFF6-21960523ABEC}.Release|Any CPU.ActiveCfg = Release|Any CPU
		{C84BB294-1F7D-409B-AFF6-21960523ABEC}.Release|Any CPU.Build.0 = Release|Any CPU
	EndGlobalSection
	GlobalSection(SolutionProperties) = preSolution
		HideSolutionNode = FALSE
	EndGlobalSection
	GlobalSection(ExtensibilityGlobals) = postSolution
		SolutionGuid = {B6073DA2-9A44-4572-8C93-984269B6EFD8}
	EndGlobalSection
EndGlobal
