
Microsoft Visual Studio Solution File, Format Version 12.00
# Visual Studio Version 17
VisualStudioVersion = 17.3.32901.215
MinimumVisualStudioVersion = 10.0.40219.1
Project("{FAE04EC0-301F-11D3-BF4B-00C04F79EFBC}") = "advanced_calculator_sample", "advanced_calculator_sample.csproj", "{A6666605-160A-44A5-86F1-DD9AB4D34E58}"
EndProject
Global
	GlobalSection(SolutionConfigurationPlatforms) = preSolution
		Debug|Any CPU = Debug|Any CPU
		Release|Any CPU = Release|Any CPU
	EndGlobalSection
	GlobalSection(ProjectConfigurationPlatforms) = postSolution
		{A6666605-160A-44A5-86F1-DD9AB4D34E58}.Debug|Any CPU.ActiveCfg = Debug|Any CPU
		{A6666605-160A-44A5-86F1-DD9AB4D34E58}.Debug|Any CPU.Build.0 = Debug|Any CPU
		{A6666605-160A-44A5-86F1-DD9AB4D34E58}.Release|Any CPU.ActiveCfg = Release|Any CPU
		{A6666605-160A-44A5-86F1-DD9AB4D34E58}.Release|Any CPU.Build.0 = Release|Any CPU
	EndGlobalSection
	GlobalSection(SolutionProperties) = preSolution
		HideSolutionNode = FALSE
	EndGlobalSection
	GlobalSection(ExtensibilityGlobals) = postSolution
		SolutionGuid = {A142FD98-5353-48E9-8DEA-F224A3A25F96}
	EndGlobalSection
EndGlobal
