
Microsoft Visual Studio Solution File, Format Version 12.00
# Visual Studio Version 17
VisualStudioVersion = 17.3.32901.215
MinimumVisualStudioVersion = 10.0.40219.1
Project("{FAE04EC0-301F-11D3-BF4B-00C04F79EFBC}") = "Biorhythms", "Biorhythms.csproj", "{87DEE3E9-D7AB-45E8-A56E-3BC46508A1DA}"
EndProject
Global
	GlobalSection(SolutionConfigurationPlatforms) = preSolution
		Debug|Any CPU = Debug|Any CPU
		Release|Any CPU = Release|Any CPU
	EndGlobalSection
	GlobalSection(ProjectConfigurationPlatforms) = postSolution
		{87DEE3E9-D7AB-45E8-A56E-3BC46508A1DA}.Debug|Any CPU.ActiveCfg = Debug|Any CPU
		{87DEE3E9-D7AB-45E8-A56E-3BC46508A1DA}.Debug|Any CPU.Build.0 = Debug|Any CPU
		{87DEE3E9-D7AB-45E8-A56E-3BC46508A1DA}.Release|Any CPU.ActiveCfg = Release|Any CPU
		{87DEE3E9-D7AB-45E8-A56E-3BC46508A1DA}.Release|Any CPU.Build.0 = Release|Any CPU
	EndGlobalSection
	GlobalSection(SolutionProperties) = preSolution
		HideSolutionNode = FALSE
	EndGlobalSection
	GlobalSection(ExtensibilityGlobals) = postSolution
		SolutionGuid = {0447EF64-27AB-4063-B746-04B3B05DC3F6}
	EndGlobalSection
EndGlobal
