
Microsoft Visual Studio Solution File, Format Version 12.00
# Visual Studio Version 17
VisualStudioVersion = 17.3.32901.215
MinimumVisualStudioVersion = 10.0.40219.1
Project("{FAE04EC0-301F-11D3-BF4B-00C04F79EFBC}") = "BubbleSorting", "BubbleSorting.csproj", "{AEF319E5-75CE-42E8-81E8-EA42B1352480}"
EndProject
Global
	GlobalSection(SolutionConfigurationPlatforms) = preSolution
		Debug|Any CPU = Debug|Any CPU
		Release|Any CPU = Release|Any CPU
	EndGlobalSection
	GlobalSection(ProjectConfigurationPlatforms) = postSolution
		{AEF319E5-75CE-42E8-81E8-EA42B1352480}.Debug|Any CPU.ActiveCfg = Debug|Any CPU
		{AEF319E5-75CE-42E8-81E8-EA42B1352480}.Debug|Any CPU.Build.0 = Debug|Any CPU
		{AEF319E5-75CE-42E8-81E8-EA42B1352480}.Release|Any CPU.ActiveCfg = Release|Any CPU
		{AEF319E5-75CE-42E8-81E8-EA42B1352480}.Release|Any CPU.Build.0 = Release|Any CPU
	EndGlobalSection
	GlobalSection(SolutionProperties) = preSolution
		HideSolutionNode = FALSE
	EndGlobalSection
	GlobalSection(ExtensibilityGlobals) = postSolution
		SolutionGuid = {6AD3F310-1E01-4286-AE14-8EB40C5BA515}
	EndGlobalSection
EndGlobal
